Microsoft Visual Studio Solution File, Format Version 12.00
# Visual Studio Version 17
VisualStudioVersion = 17.3.32901.215
MinimumVisualStudioVersion = 10.0.40219.1
Project("{9A19103F-16F7-4668-BE54-9A1E7A4F7556}") = "NBitcoin", "NBitcoin\NBitcoin.csproj", "{7B692A4C-412A-41BA-A1F8-5DF8F7450ABC}"
EndProject
Project("{9A19103F-16F7-4668-BE54-9A1E7A4F7556}") = "Sandbox", "Sandbox\Sandbox.csproj", "{11E6F97F-0B59-46E8-B23B-10941C795A76}"
EndProject
Project("{9A19103F-16F7-4668-BE54-9A1E7A4F7556}") = "Sharprompt", "Sharprompt\Sharprompt.csproj", "{83D31827-D9C4-435C-8224-FCACB5F58C71}"
EndProject
Project("{9A19103F-16F7-4668-BE54-9A1E7A4F7556}") = "BouncyCastle.Crypto", "BouncyCastle\BouncyCastle.Crypto.csproj", "{43876344-E50A-41F1-926C-93FCB528FBE5}"
EndProject
Project("{9A19103F-16F7-4668-BE54-9A1E7A4F7556}") = "Bech32", "Bech32\Bech32.csproj", "{9059E055-6D85-4110-AB0F-5C158DF3221E}"
EndProject
Global
	GlobalSection(SolutionConfigurationPlatforms) = preSolution
		Debug|Any CPU = Debug|Any CPU
		Release|Any CPU = Release|Any CPU
	EndGlobalSection
	GlobalSection(ProjectConfigurationPlatforms) = postSolution
		{7B692A4C-412A-41BA-A1F8-5DF8F7450ABC}.Debug|Any CPU.ActiveCfg = Debug|Any CPU
		{7B692A4C-412A-41BA-A1F8-5DF8F7450ABC}.Debug|Any CPU.Build.0 = Debug|Any CPU
		{7B692A4C-412A-41BA-A1F8-5DF8F7450ABC}.Release|Any CPU.ActiveCfg = Release|Any CPU
		{7B692A4C-412A-41BA-A1F8-5DF8F7450ABC}.Release|Any CPU.Build.0 = Release|Any CPU
		{11E6F97F-0B59-46E8-B23B-10941C795A76}.Debug|Any CPU.ActiveCfg = Debug|Any CPU
		{11E6F97F-0B59-46E8-B23B-10941C795A76}.Debug|Any CPU.Build.0 = Debug|Any CPU
		{11E6F97F-0B59-46E8-B23B-10941C795A76}.Release|Any CPU.ActiveCfg = Release|Any CPU
		{11E6F97F-0B59-46E8-B23B-10941C795A76}.Release|Any CPU.Build.0 = Release|Any CPU
		{83D31827-D9C4-435C-8224-FCACB5F58C71}.Debug|Any CPU.ActiveCfg = Debug|Any CPU
		{83D31827-D9C4-435C-8224-FCACB5F58C71}.Debug|Any CPU.Build.0 = Debug|Any CPU
		{83D31827-D9C4-435C-8224-FCACB5F58C71}.Release|Any CPU.ActiveCfg = Release|Any CPU
		{83D31827-D9C4-435C-8224-FCACB5F58C71}.Release|Any CPU.Build.0 = Release|Any CPU
		{43876344-E50A-41F1-926C-93FCB528FBE5}.Debug|Any CPU.ActiveCfg = Debug|Any CPU
		{43876344-E50A-41F1-926C-93FCB528FBE5}.Debug|Any CPU.Build.0 = Debug|Any CPU
		{43876344-E50A-41F1-926C-93FCB528FBE5}.Release|Any CPU.ActiveCfg = Release|Any CPU
		{43876344-E50A-41F1-926C-93FCB528FBE5}.Release|Any CPU.Build.0 = Release|Any CPU
		{9059E055-6D85-4110-AB0F-5C158DF3221E}.Debug|Any CPU.ActiveCfg = Debug|Any CPU
		{9059E055-6D85-4110-AB0F-5C158DF3221E}.Debug|Any CPU.Build.0 = Debug|Any CPU
		{9059E055-6D85-4110-AB0F-5C158DF3221E}.Release|Any CPU.ActiveCfg = Release|Any CPU
		{9059E055-6D85-4110-AB0F-5C158DF3221E}.Release|Any CPU.Build.0 = Release|Any CPU
	EndGlobalSection
	GlobalSection(SolutionProperties) = preSolution
		HideSolutionNode = FALSE
	EndGlobalSection
	GlobalSection(ExtensibilityGlobals) = postSolution
		SolutionGuid = {A1246380-43E4-4710-99A7-F7524458155E}
	EndGlobalSection
EndGlobal
